
Microsoft Visual Studio Solution File, Format Version 10.00
# Visual Studio 2008
Project("{8BC9CEB8-8B4A-11D0-8D11-00A0C91BC942}") = "T07PRIME", "T07PRIME.vcproj", "{516D101A-8512-4FE9-AAB1-01B6FDBFFFD1}"
EndProject
Global
	GlobalSection(SolutionConfigurationPlatforms) = preSolution
		Debug|Win32 = Debug|Win32
		Release|Win32 = Release|Win32
	EndGlobalSection
	GlobalSection(ProjectConfigurationPlatforms) = postSolution
		{516D101A-8512-4FE9-AAB1-01B6FDBFFFD1}.Debug|Win32.ActiveCfg = Debug|Win32
		{516D101A-8512-4FE9-AAB1-01B6FDBFFFD1}.Debug|Win32.Build.0 = Debug|Win32
		{516D101A-8512-4FE9-AAB1-01B6FDBFFFD1}.Release|Win32.ActiveCfg = Release|Win32
		{516D101A-8512-4FE9-AAB1-01B6FDBFFFD1}.Release|Win32.Build.0 = Release|Win32
	EndGlobalSection
	GlobalSection(SolutionProperties) = preSolution
		HideSolutionNode = FALSE
	EndGlobalSection
EndGlobal
