
Microsoft Visual Studio Solution File, Format Version 10.00
# Visual Studio 2008
Project("{8BC9CEB8-8B4A-11D0-8D11-00A0C91BC942}") = "T23STR1", "T23STR1.vcproj", "{7089EEE9-CD16-4036-8023-5C13B48EFB1F}"
EndProject
Global
	GlobalSection(SolutionConfigurationPlatforms) = preSolution
		Debug|Win32 = Debug|Win32
		Release|Win32 = Release|Win32
	EndGlobalSection
	GlobalSection(ProjectConfigurationPlatforms) = postSolution
		{7089EEE9-CD16-4036-8023-5C13B48EFB1F}.Debug|Win32.ActiveCfg = Debug|Win32
		{7089EEE9-CD16-4036-8023-5C13B48EFB1F}.Debug|Win32.Build.0 = Debug|Win32
		{7089EEE9-CD16-4036-8023-5C13B48EFB1F}.Release|Win32.ActiveCfg = Release|Win32
		{7089EEE9-CD16-4036-8023-5C13B48EFB1F}.Release|Win32.Build.0 = Release|Win32
	EndGlobalSection
	GlobalSection(SolutionProperties) = preSolution
		HideSolutionNode = FALSE
	EndGlobalSection
EndGlobal
