
Microsoft Visual Studio Solution File, Format Version 10.00
# Visual Studio 2008
Project("{8BC9CEB8-8B4A-11D0-8D11-00A0C91BC942}") = "T31FUR", "T31FUR.vcproj", "{09F760CF-1216-4F1E-8E58-4F5B6C9DAD3C}"
EndProject
Global
	GlobalSection(SolutionConfigurationPlatforms) = preSolution
		Debug|Win32 = Debug|Win32
		Release|Win32 = Release|Win32
	EndGlobalSection
	GlobalSection(ProjectConfigurationPlatforms) = postSolution
		{09F760CF-1216-4F1E-8E58-4F5B6C9DAD3C}.Debug|Win32.ActiveCfg = Debug|Win32
		{09F760CF-1216-4F1E-8E58-4F5B6C9DAD3C}.Debug|Win32.Build.0 = Debug|Win32
		{09F760CF-1216-4F1E-8E58-4F5B6C9DAD3C}.Release|Win32.ActiveCfg = Release|Win32
		{09F760CF-1216-4F1E-8E58-4F5B6C9DAD3C}.Release|Win32.Build.0 = Release|Win32
	EndGlobalSection
	GlobalSection(SolutionProperties) = preSolution
		HideSolutionNode = FALSE
	EndGlobalSection
EndGlobal
