
Microsoft Visual Studio Solution File, Format Version 10.00
# Visual Studio 2008
Project("{8BC9CEB8-8B4A-11D0-8D11-00A0C91BC942}") = "T11PIF", "T11PIF.vcproj", "{FD8B0010-F0DD-42B9-8024-6E5123F34DE8}"
EndProject
Global
	GlobalSection(SolutionConfigurationPlatforms) = preSolution
		Debug|Win32 = Debug|Win32
		Release|Win32 = Release|Win32
	EndGlobalSection
	GlobalSection(ProjectConfigurationPlatforms) = postSolution
		{FD8B0010-F0DD-42B9-8024-6E5123F34DE8}.Debug|Win32.ActiveCfg = Debug|Win32
		{FD8B0010-F0DD-42B9-8024-6E5123F34DE8}.Debug|Win32.Build.0 = Debug|Win32
		{FD8B0010-F0DD-42B9-8024-6E5123F34DE8}.Release|Win32.ActiveCfg = Release|Win32
		{FD8B0010-F0DD-42B9-8024-6E5123F34DE8}.Release|Win32.Build.0 = Release|Win32
	EndGlobalSection
	GlobalSection(SolutionProperties) = preSolution
		HideSolutionNode = FALSE
	EndGlobalSection
EndGlobal
